schema: '2.0'
stages:
  data_split:
    cmd: python src/data_split.py
    deps:
    - path: src/data_split.py
      hash: md5
      md5: f1f19c4214eefec60fe741e7f8eafb8f
      size: 1327
    params:
      params.yaml:
        base.random_state: 47
        data_source.local_path: https://raw.githubusercontent.com/TripathiAshutosh/dataset/main/red_wine.csv
        split.split_ratio: 0.3
    outs:
    - path: data/split
      hash: md5
      md5: ea8d46fbdde00ee5963261704143a330.dir
      size: 93746
      nfiles: 2
  data_processing:
    cmd: python src/data_processing.py data/processed
    deps:
    - path: data/split
      hash: md5
      md5: ea8d46fbdde00ee5963261704143a330.dir
      size: 93746
      nfiles: 2
    - path: src/data_processing.py
      hash: md5
      md5: 5a3d2586e26760d071684b70d6d3dd45
      size: 1447
    params:
      params.yaml:
        process.dir: data/processed
        process.test_file: final_test.csv
        process.train_file: final_train.csv
        split.dir: data/split
        split.test_file: test.csv
        split.train_file: train.csv
    outs:
    - path: data/processed
      hash: md5
      md5: 3e25d49c2d24a03b0667865524b1a981.dir
      size: 93746
      nfiles: 2
  train:
    cmd: python src/train.py data/features model/model.pkl
    deps:
    - path: data/processed
      hash: md5
      md5: 3e25d49c2d24a03b0667865524b1a981.dir
      size: 93746
      nfiles: 2
    - path: src/train.py
      hash: md5
      md5: bf604dc84b1f3f99b1ef3c03eb4545ea
      size: 2483
    params:
      params.yaml:
        base.random_state: 47
        base.target_col: quality
        model_dir: model
        process.dir: data/processed
        process.test_file: final_test.csv
        process.train_file: final_train.csv
        train.n_est: 35
    outs:
    - path: model/model.pkl
      hash: md5
      md5: 00845bd6c35ef8625afacddc9a7f64c1
      size: 476097
  evaluate:
    cmd: python src/evaluate.py model/model.pkl data/processed
    deps:
    - path: data/processed
      hash: md5
      md5: 3e25d49c2d24a03b0667865524b1a981.dir
      size: 93746
      nfiles: 2
    - path: model/model.pkl
      hash: md5
      md5: 00845bd6c35ef8625afacddc9a7f64c1
      size: 476097
    - path: src/evaluate.py
      hash: md5
      md5: 481ee1ea64c0280ec1a163d7a9df3428
      size: 6953
    outs:
    - path: eval/importance.png
      hash: md5
      md5: 70d561986da857e05817f4e94cdad7b5
      size: 18578
    - path: eval/live/metrics.json
      hash: md5
      md5: c70d4a73f89ac760f7a884f9c14e18d2
      size: 176
    - path: eval/live/plots
      hash: md5
      md5: 9f1158733be8d49c3fa9b3a1673e9952.dir
      size: 112227
      nfiles: 4
    - path: eval/prc
      hash: md5
      md5: 756a37fe75751dcc8f21d285fd08e157.dir
      size: 8829
      nfiles: 2
